
Microsoft Visual Studio Solution File, Format Version 12.00
# Visual Studio Version 16
VisualStudioVersion = 16.0.31019.194
MinimumVisualStudioVersion = 10.0.40219.1
Project("{9A19103F-16F7-4668-BE54-9A1E7A4F7556}") = "MyResume", "MyResume\MyResume.csproj", "{FC929AB2-6FE7-4BF5-8FAD-E70ED6F6D2E5}"
EndProject
Project("{9A19103F-16F7-4668-BE54-9A1E7A4F7556}") = "Repository", "Repository\Repository.csproj", "{2151C2E1-DB12-48FA-BA79-2754F3AC38EC}"
EndProject
Project("{9A19103F-16F7-4668-BE54-9A1E7A4F7556}") = "Business", "Business\Business.csproj", "{618BAC13-2CE5-4404-AE5D-E762887CC589}"
EndProject
Project("{FAE04EC0-301F-11D3-BF4B-00C04F79EFBC}") = "ResumeMvc", "ResumeMvc\ResumeMvc.csproj", "{D5A40577-0517-4806-A595-3242D8571C68}"
EndProject
Global
	GlobalSection(SolutionConfigurationPlatforms) = preSolution
		Debug|Any CPU = Debug|Any CPU
		Release|Any CPU = Release|Any CPU
	EndGlobalSection
	GlobalSection(ProjectConfigurationPlatforms) = postSolution
		{FC929AB2-6FE7-4BF5-8FAD-E70ED6F6D2E5}.Debug|Any CPU.ActiveCfg = Debug|Any CPU
		{FC929AB2-6FE7-4BF5-8FAD-E70ED6F6D2E5}.Debug|Any CPU.Build.0 = Debug|Any CPU
		{FC929AB2-6FE7-4BF5-8FAD-E70ED6F6D2E5}.Release|Any CPU.ActiveCfg = Release|Any CPU
		{FC929AB2-6FE7-4BF5-8FAD-E70ED6F6D2E5}.Release|Any CPU.Build.0 = Release|Any CPU
		{2151C2E1-DB12-48FA-BA79-2754F3AC38EC}.Debug|Any CPU.ActiveCfg = Debug|Any CPU
		{2151C2E1-DB12-48FA-BA79-2754F3AC38EC}.Debug|Any CPU.Build.0 = Debug|Any CPU
		{2151C2E1-DB12-48FA-BA79-2754F3AC38EC}.Release|Any CPU.ActiveCfg = Release|Any CPU
		{2151C2E1-DB12-48FA-BA79-2754F3AC38EC}.Release|Any CPU.Build.0 = Release|Any CPU
		{618BAC13-2CE5-4404-AE5D-E762887CC589}.Debug|Any CPU.ActiveCfg = Debug|Any CPU
		{618BAC13-2CE5-4404-AE5D-E762887CC589}.Debug|Any CPU.Build.0 = Debug|Any CPU
		{618BAC13-2CE5-4404-AE5D-E762887CC589}.Release|Any CPU.ActiveCfg = Release|Any CPU
		{618BAC13-2CE5-4404-AE5D-E762887CC589}.Release|Any CPU.Build.0 = Release|Any CPU
		{D5A40577-0517-4806-A595-3242D8571C68}.Debug|Any CPU.ActiveCfg = Debug|Any CPU
		{D5A40577-0517-4806-A595-3242D8571C68}.Debug|Any CPU.Build.0 = Debug|Any CPU
		{D5A40577-0517-4806-A595-3242D8571C68}.Release|Any CPU.ActiveCfg = Release|Any CPU
		{D5A40577-0517-4806-A595-3242D8571C68}.Release|Any CPU.Build.0 = Release|Any CPU
	EndGlobalSection
	GlobalSection(SolutionProperties) = preSolution
		HideSolutionNode = FALSE
	EndGlobalSection
	GlobalSection(ExtensibilityGlobals) = postSolution
		SolutionGuid = {E1AE424E-C0B4-4BBB-A5DF-12BC43DAFC1D}
	EndGlobalSection
EndGlobal
